
Microsoft Visual Studio Solution File, Format Version 12.00
# Visual Studio Version 17
VisualStudioVersion = 17.13.35913.81 d17.13
MinimumVisualStudioVersion = 10.0.40219.1
Project("{FAE04EC0-301F-11D3-BF4B-00C04F79EFBC}") = "URI1003", "URI1003\URI1003.csproj", "{0672BEFA-7056-4FCF-AD50-FF54F511BA5D}"
EndProject
Global
	GlobalSection(SolutionConfigurationPlatforms) = preSolution
		Debug|Any CPU = Debug|Any CPU
		Release|Any CPU = Release|Any CPU
	EndGlobalSection
	GlobalSection(ProjectConfigurationPlatforms) = postSolution
		{0672BEFA-7056-4FCF-AD50-FF54F511BA5D}.Debug|Any CPU.ActiveCfg = Debug|Any CPU
		{0672BEFA-7056-4FCF-AD50-FF54F511BA5D}.Debug|Any CPU.Build.0 = Debug|Any CPU
		{0672BEFA-7056-4FCF-AD50-FF54F511BA5D}.Release|Any CPU.ActiveCfg = Release|Any CPU
		{0672BEFA-7056-4FCF-AD50-FF54F511BA5D}.Release|Any CPU.Build.0 = Release|Any CPU
	EndGlobalSection
	GlobalSection(SolutionProperties) = preSolution
		HideSolutionNode = FALSE
	EndGlobalSection
	GlobalSection(ExtensibilityGlobals) = postSolution
		SolutionGuid = {524D3371-5643-4804-95B1-C4937FEDD523}
	EndGlobalSection
EndGlobal
